
Microsoft Visual Studio Solution File, Format Version 12.00
# Visual Studio Version 16
VisualStudioVersion = 25.0.1703.2
MinimumVisualStudioVersion = 10.0.40219.1
Project("{FAE04EC0-301F-11D3-BF4B-00C04F79EFBC}") = "SmallWorld", "SmallWorld\SmallWorld.csproj", "{510481B0-FB1F-42C0-B445-DA7D4C72144E}"
EndProject
Global
	GlobalSection(SolutionConfigurationPlatforms) = preSolution
		Debug|Any CPU = Debug|Any CPU
		Release|Any CPU = Release|Any CPU
	EndGlobalSection
	GlobalSection(ProjectConfigurationPlatforms) = postSolution
		{510481B0-FB1F-42C0-B445-DA7D4C72144E}.Debug|Any CPU.ActiveCfg = Debug|Any CPU
		{510481B0-FB1F-42C0-B445-DA7D4C72144E}.Debug|Any CPU.Build.0 = Debug|Any CPU
		{510481B0-FB1F-42C0-B445-DA7D4C72144E}.Release|Any CPU.ActiveCfg = Release|Any CPU
		{510481B0-FB1F-42C0-B445-DA7D4C72144E}.Release|Any CPU.Build.0 = Release|Any CPU
	EndGlobalSection
	GlobalSection(SolutionProperties) = preSolution
		HideSolutionNode = FALSE
	EndGlobalSection
	GlobalSection(ExtensibilityGlobals) = postSolution
		SolutionGuid = {7FD17DEA-81B6-4C35-97A4-5A12F14931E6}
	EndGlobalSection
EndGlobal
